
Microsoft Visual Studio Solution File, Format Version 12.00
# Visual Studio Version 17
VisualStudioVersion = 17.4.33213.308
MinimumVisualStudioVersion = 10.0.40219.1
Project("{FAE04EC0-301F-11D3-BF4B-00C04F79EFBC}") = "TestBenchApplication", "TestBenchApplication\TestBenchApplication.csproj", "{C8776B2B-4004-451D-B1AD-431C52513684}"
EndProject
Global
	GlobalSection(SolutionConfigurationPlatforms) = preSolution
		Debug|Any CPU = Debug|Any CPU
		Release|Any CPU = Release|Any CPU
	EndGlobalSection
	GlobalSection(ProjectConfigurationPlatforms) = postSolution
		{C8776B2B-4004-451D-B1AD-431C52513684}.Debug|Any CPU.ActiveCfg = Debug|Any CPU
		{C8776B2B-4004-451D-B1AD-431C52513684}.Debug|Any CPU.Build.0 = Debug|Any CPU
		{C8776B2B-4004-451D-B1AD-431C52513684}.Release|Any CPU.ActiveCfg = Release|Any CPU
		{C8776B2B-4004-451D-B1AD-431C52513684}.Release|Any CPU.Build.0 = Release|Any CPU
	EndGlobalSection
	GlobalSection(SolutionProperties) = preSolution
		HideSolutionNode = FALSE
	EndGlobalSection
	GlobalSection(ExtensibilityGlobals) = postSolution
		SolutionGuid = {9115AC9F-225D-4376-A511-19CA377EC244}
	EndGlobalSection
EndGlobal
